
Microsoft Visual Studio Solution File, Format Version 12.00
# Visual Studio 15
VisualStudioVersion = 15.0.27703.2026
MinimumVisualStudioVersion = 10.0.40219.1
Project("{FAE04EC0-301F-11D3-BF4B-00C04F79EFBC}") = "SRMQ", "SRMQ\SRMQ.csproj", "{0984BABF-7B06-4034-94D8-B2DB15A75F6C}"
EndProject
Global
	GlobalSection(SolutionConfigurationPlatforms) = preSolution
		Debug|Any CPU = Debug|Any CPU
		Release|Any CPU = Release|Any CPU
	EndGlobalSection
	GlobalSection(ProjectConfigurationPlatforms) = postSolution
		{0984BABF-7B06-4034-94D8-B2DB15A75F6C}.Debug|Any CPU.ActiveCfg = Debug|Any CPU
		{0984BABF-7B06-4034-94D8-B2DB15A75F6C}.Debug|Any CPU.Build.0 = Debug|Any CPU
		{0984BABF-7B06-4034-94D8-B2DB15A75F6C}.Release|Any CPU.ActiveCfg = Release|Any CPU
		{0984BABF-7B06-4034-94D8-B2DB15A75F6C}.Release|Any CPU.Build.0 = Release|Any CPU
	EndGlobalSection
	GlobalSection(SolutionProperties) = preSolution
		HideSolutionNode = FALSE
	EndGlobalSection
	GlobalSection(ExtensibilityGlobals) = postSolution
		SolutionGuid = {184CDFFF-0C5F-4E96-A2E8-C09C2DD3B65E}
	EndGlobalSection
EndGlobal
